<?xml version="1.0" encoding="utf-8"?>
<Project ToolsVersion="4.0" xmlns="http://schemas.microsoft.com/developer/msbuild/2003">
  <ItemGroup>
    <Filter Include="Test">
      <UniqueIdentifier>{3aed4994-8b15-4a45-9a2f-b5ad60ebe09d}</UniqueIdentifier>
    </Filter>
  </ItemGroup>
  <ItemGroup>
    <ClCompile Include="Test.cpp" />
    <ClCompile Include="TestPool.cpp">
      <Filter>Test</Filter>
    </ClCompile>
    <ClCompile Include="TestRegistry.cpp">
      <Filter>Test</Filter>
    </ClCompile>
  </ItemGroup>
  <ItemGroup>
    <ClInclude Include="TestComponents.h">
      <Filter>Test</Filter>
    </ClInclude>
  </ItemGroup>
</Project>