<?xml version="1.0" encoding="utf-8"?>
<Project ToolsVersion="4.0" xmlns="http://schemas.microsoft.com/developer/msbuild/2003">
  <ItemGroup>
    <Filter Include="Source Files">
      <UniqueIdentifier>{4FC737F1-C7A5-4376-A066-2A32D752A2FF}</UniqueIdentifier>
      <Extensions>cpp;c;cc;cxx;c++;cppm;ixx;def;odl;idl;hpj;bat;asm;asmx</Extensions>
    </Filter>
    <Filter Include="Header Files">
      <UniqueIdentifier>{93995380-89BD-4b04-88EB-625FBE52EBFB}</UniqueIdentifier>
      <Extensions>h;hh;hpp;hxx;h++;hm;inl;inc;ipp;xsd</Extensions>
    </Filter>
    <Filter Include="Resource Files">
      <UniqueIdentifier>{67DA6AB6-F800-4c08-8B7A-83BB121AAD01}</UniqueIdentifier>
      <Extensions>rc;ico;cur;bmp;dlg;rc2;rct;bin;rgs;gif;jpg;jpeg;jpe;resx;tiff;tif;png;wav;mfcribbon-ms</Extensions>
    </Filter>
  </ItemGroup>
  <ItemGroup>
    <ClCompile Include="Logger\Logger.cpp">
      <Filter>Source Files</Filter>
    </ClCompile>
    <ClCompile Include="Logger\ISink.cpp">
      <Filter>Source Files</Filter>
    </ClCompile>
    <ClCompile Include="Logger\ConsoleSink.cpp">
      <Filter>Source Files</Filter>
    </ClCompile>
    <ClCompile Include="Logger\FileSink.cpp">
      <Filter>Source Files</Filter>
    </ClCompile>
    <ClCompile Include="Logger\MemorySink.cpp">
      <Filter>Source Files</Filter>
    </ClCompile>
    <ClCompile Include="Logger\LogMessage.cpp">
      <Filter>Source Files</Filter>
    </ClCompile>
    <ClCompile Include="Logger\LogUtils.cpp">
      <Filter>Source Files</Filter>
    </ClCompile>
    <ClCompile Include="Registry\Pool\Storage\DataMixin.cpp">
      <Filter>Source Files</Filter>
    </ClCompile>
    <ClCompile Include="Registry\Pool\Storage\FlagMixin.cpp">
      <Filter>Source Files</Filter>
    </ClCompile>
    <ClCompile Include="Registry\Pool\Storage\StorageBackend.cpp">
      <Filter>Source Files</Filter>
    </ClCompile>
    <ClCompile Include="Registry\Pool\Storage\SegmentedStorageImpl.cpp">
      <Filter>Source Files</Filter>
    </ClCompile>
    <ClCompile Include="Registry\Pool\Storage\FlatStorageImpl.cpp">
      <Filter>Source Files</Filter>
    </ClCompile>
    <ClCompile Include="Registry\Pool\Mapping\HashMapping.cpp">
      <Filter>Source Files</Filter>
    </ClCompile>
    <ClCompile Include="Registry\Pool\Mapping\SparseVectorMapping.cpp">
      <Filter>Source Files</Filter>
    </ClCompile>
    <ClCompile Include="Registry\Pool\Mapping\SparsePagedMapping.cpp">
      <Filter>Source Files</Filter>
    </ClCompile>
    <ClCompile Include="Registry\Pool\Pool.cpp">
      <Filter>Source Files</Filter>
    </ClCompile>
  </ItemGroup>
  <ItemGroup>
    <ClInclude Include="SynApi.h">
      <Filter>Header Files</Filter>
    </ClInclude>
    <ClInclude Include="SynMacro.h">
      <Filter>Header Files</Filter>
    </ClInclude>
    <ClInclude Include="Logger\Logger.h">
      <Filter>Header Files</Filter>
    </ClInclude>
    <ClInclude Include="Logger\ISink.h">
      <Filter>Header Files</Filter>
    </ClInclude>
    <ClInclude Include="Logger\ConsoleSink.h">
      <Filter>Header Files</Filter>
    </ClInclude>
    <ClInclude Include="Logger\FileSink.h">
      <Filter>Header Files</Filter>
    </ClInclude>
    <ClInclude Include="Logger\MemorySink.h">
      <Filter>Header Files</Filter>
    </ClInclude>
    <ClInclude Include="Logger\LogMessage.h">
      <Filter>Header Files</Filter>
    </ClInclude>
    <ClInclude Include="Logger\SynLog.h">
      <Filter>Header Files</Filter>
    </ClInclude>
    <ClInclude Include="Logger\LogUtils.h">
      <Filter>Header Files</Filter>
    </ClInclude>
    <ClInclude Include="Registry\Entity.h">
      <Filter>Header Files</Filter>
    </ClInclude>
    <ClInclude Include="Registry\BitFlag.h">
      <Filter>Header Files</Filter>
    </ClInclude>
    <ClInclude Include="Registry\Pool\Storage\DataMixin.h">
      <Filter>Header Files</Filter>
    </ClInclude>
    <ClInclude Include="Registry\Pool\Storage\FlagMixin.h">
      <Filter>Header Files</Filter>
    </ClInclude>
    <ClInclude Include="Registry\Pool\Storage\StorageBackend.h">
      <Filter>Header Files</Filter>
    </ClInclude>
    <ClInclude Include="Registry\Pool\Storage\SegmentedStorageImpl.h">
      <Filter>Header Files</Filter>
    </ClInclude>
    <ClInclude Include="Registry\Pool\Storage\StorageCategory.h">
      <Filter>Header Files</Filter>
    </ClInclude>
    <ClInclude Include="Registry\Pool\Storage\FlatStorageImpl.h">
      <Filter>Header Files</Filter>
    </ClInclude>
    <ClInclude Include="Registry\Pool\Pool.h">
      <Filter>Header Files</Filter>
    </ClInclude>
    <ClInclude Include="Registry\Pool\Mapping\MappingUtils.h">
      <Filter>Header Files</Filter>
    </ClInclude>
    <ClInclude Include="Registry\Pool\Mapping\SynMapping.h">
      <Filter>Header Files</Filter>
    </ClInclude>
    <ClInclude Include="Registry\Pool\Storage\SynStorage.h">
      <Filter>Header Files</Filter>
    </ClInclude>
    <ClInclude Include="Registry\Pool\Mapping\HashMapping.h">
      <Filter>Header Files</Filter>
    </ClInclude>
    <ClInclude Include="Registry\Pool\Mapping\SparsePagedMapping.h">
      <Filter>Header Files</Filter>
    </ClInclude>
    <ClInclude Include="Registry\Pool\Mapping\SparseVectorMapping.h">
      <Filter>Header Files</Filter>
    </ClInclude>
    <ClInclude Include="Registry\Pool\Mapping\MappingCRTP.h">
      <Filter>Header Files</Filter>
    </ClInclude>
  </ItemGroup>
</Project>