<?xml version="1.0" encoding="utf-8"?>
<Project ToolsVersion="4.0" xmlns="http://schemas.microsoft.com/developer/msbuild/2003">
  <ItemGroup>
    <Filter Include="Source Files">
      <UniqueIdentifier>{4FC737F1-C7A5-4376-A066-2A32D752A2FF}</UniqueIdentifier>
      <Extensions>cpp;c;cc;cxx;c++;cppm;ixx;def;odl;idl;hpj;bat;asm;asmx</Extensions>
    </Filter>
    <Filter Include="Header Files">
      <UniqueIdentifier>{93995380-89BD-4b04-88EB-625FBE52EBFB}</UniqueIdentifier>
      <Extensions>h;hh;hpp;hxx;h++;hm;inl;inc;ipp;xsd</Extensions>
    </Filter>
    <Filter Include="Resource Files">
      <UniqueIdentifier>{67DA6AB6-F800-4c08-8B7A-83BB121AAD01}</UniqueIdentifier>
      <Extensions>rc;ico;cur;bmp;dlg;rc2;rct;bin;rgs;gif;jpg;jpeg;jpe;resx;tiff;tif;png;wav;mfcribbon-ms</Extensions>
    </Filter>
  </ItemGroup>
  <ItemGroup>
    <ClCompile Include="Command\ICommand.cpp">
      <Filter>Source Files</Filter>
    </ClCompile>
    <ClCompile Include="Command\CommandRegistry.cpp">
      <Filter>Source Files</Filter>
    </ClCompile>
    <ClCompile Include="ViewModels\IViewModel.cpp">
      <Filter>Source Files</Filter>
    </ClCompile>
    <ClCompile Include="Types\TextureHandle.cpp">
      <Filter>Source Files</Filter>
    </ClCompile>
    <ClCompile Include="ViewModels\Transform\TransformState.cpp">
      <Filter>Source Files</Filter>
    </ClCompile>
    <ClCompile Include="ViewModels\Transform\TransformIntent.cpp">
      <Filter>Source Files</Filter>
    </ClCompile>
    <ClCompile Include="ViewModels\Transform\TransformViewModel.cpp">
      <Filter>Source Files</Filter>
    </ClCompile>
    <ClCompile Include="Api\IEditorApi.cpp">
      <Filter>Source Files</Filter>
    </ClCompile>
    <ClCompile Include="ViewModels\Transform\TransformCommands.cpp">
      <Filter>Source Files</Filter>
    </ClCompile>
    <ClCompile Include="Api\ISelectionAPI.cpp">
      <Filter>Source Files</Filter>
    </ClCompile>
    <ClCompile Include="Api\ITransformAPI.cpp">
      <Filter>Source Files</Filter>
    </ClCompile>
    <ClCompile Include="Types\EntityHandle.cpp">
      <Filter>Source Files</Filter>
    </ClCompile>
    <ClCompile Include="Interaction\DragInteraction.cpp">
      <Filter>Source Files</Filter>
    </ClCompile>
    <ClCompile Include="ViewModels\Viewport\ViewportState.cpp">
      <Filter>Source Files</Filter>
    </ClCompile>
    <ClCompile Include="ViewModels\Viewport\ViewportIntent.cpp">
      <Filter>Source Files</Filter>
    </ClCompile>
    <ClCompile Include="ViewModels\Viewport\ViewportViewModel.cpp">
      <Filter>Source Files</Filter>
    </ClCompile>
    <ClCompile Include="Api\IRenderAPI.cpp">
      <Filter>Source Files</Filter>
    </ClCompile>
    <ClCompile Include="Api\ISettingsApi.cpp">
      <Filter>Source Files</Filter>
    </ClCompile>
    <ClCompile Include="ViewModels\Settings\SettingsState.cpp">
      <Filter>Source Files</Filter>
    </ClCompile>
    <ClCompile Include="ViewModels\Settings\SettingsIntent.cpp">
      <Filter>Source Files</Filter>
    </ClCompile>
    <ClCompile Include="ViewModels\Settings\SettingsViewModel.cpp">
      <Filter>Source Files</Filter>
    </ClCompile>
  </ItemGroup>
  <ItemGroup>
    <ClInclude Include="Command\ICommand.h">
      <Filter>Header Files</Filter>
    </ClInclude>
    <ClInclude Include="Command\CommandRegistry.h">
      <Filter>Header Files</Filter>
    </ClInclude>
    <ClInclude Include="ViewModels\IViewModel.h">
      <Filter>Header Files</Filter>
    </ClInclude>
    <ClInclude Include="Types\TextureHandle.h">
      <Filter>Header Files</Filter>
    </ClInclude>
    <ClInclude Include="ViewModels\Transform\TransformState.h">
      <Filter>Header Files</Filter>
    </ClInclude>
    <ClInclude Include="ViewModels\Transform\TransformIntent.h">
      <Filter>Header Files</Filter>
    </ClInclude>
    <ClInclude Include="ViewModels\Transform\TransformViewModel.h">
      <Filter>Header Files</Filter>
    </ClInclude>
    <ClInclude Include="Api\IEditorApi.h">
      <Filter>Header Files</Filter>
    </ClInclude>
    <ClInclude Include="ViewModels\Transform\TransformCommands.h">
      <Filter>Header Files</Filter>
    </ClInclude>
    <ClInclude Include="Api\ISelectionAPI.h">
      <Filter>Header Files</Filter>
    </ClInclude>
    <ClInclude Include="Api\ITransformAPI.h">
      <Filter>Header Files</Filter>
    </ClInclude>
    <ClInclude Include="Types\EntityHandle.h">
      <Filter>Header Files</Filter>
    </ClInclude>
    <ClInclude Include="Interaction\DragInteraction.h">
      <Filter>Header Files</Filter>
    </ClInclude>
    <ClInclude Include="ViewModels\Viewport\ViewportState.h">
      <Filter>Header Files</Filter>
    </ClInclude>
    <ClInclude Include="ViewModels\Viewport\ViewportIntent.h">
      <Filter>Header Files</Filter>
    </ClInclude>
    <ClInclude Include="ViewModels\Viewport\ViewportViewModel.h">
      <Filter>Header Files</Filter>
    </ClInclude>
    <ClInclude Include="Api\IRenderAPI.h">
      <Filter>Header Files</Filter>
    </ClInclude>
    <ClInclude Include="Api\ISettingsApi.h">
      <Filter>Header Files</Filter>
    </ClInclude>
    <ClInclude Include="ViewModels\Settings\SettingsState.h">
      <Filter>Header Files</Filter>
    </ClInclude>
    <ClInclude Include="ViewModels\Settings\SettingsIntent.h">
      <Filter>Header Files</Filter>
    </ClInclude>
    <ClInclude Include="ViewModels\Settings\SettingsViewModel.h">
      <Filter>Header Files</Filter>
    </ClInclude>
  </ItemGroup>
</Project>